
Microsoft Visual Studio Solution File, Format Version 12.00
# Visual Studio Version 16
VisualStudioVersion = 16.0.29230.47
MinimumVisualStudioVersion = 10.0.40219.1
Project("{FAE04EC0-301F-11D3-BF4B-00C04F79EFBC}") = "som", "som\som.csproj", "{645F7814-C980-4126-953D-E251CDA8928A}"
EndProject
Global
	GlobalSection(SolutionConfigurationPlatforms) = preSolution
		Debug|Any CPU = Debug|Any CPU
		Release|Any CPU = Release|Any CPU
	EndGlobalSection
	GlobalSection(ProjectConfigurationPlatforms) = postSolution
		{645F7814-C980-4126-953D-E251CDA8928A}.Debug|Any CPU.ActiveCfg = Debug|Any CPU
		{645F7814-C980-4126-953D-E251CDA8928A}.Debug|Any CPU.Build.0 = Debug|Any CPU
		{645F7814-C980-4126-953D-E251CDA8928A}.Release|Any CPU.ActiveCfg = Release|Any CPU
		{645F7814-C980-4126-953D-E251CDA8928A}.Release|Any CPU.Build.0 = Release|Any CPU
	EndGlobalSection
	GlobalSection(SolutionProperties) = preSolution
		HideSolutionNode = FALSE
	EndGlobalSection
	GlobalSection(ExtensibilityGlobals) = postSolution
		SolutionGuid = {E024B97D-044C-4460-B52A-2515916D4630}
	EndGlobalSection
EndGlobal
